
Microsoft Visual Studio Solution File, Format Version 12.00
# Visual Studio Version 16
VisualStudioVersion = 16.0.31911.196
MinimumVisualStudioVersion = 10.0.40219.1
Project("{9A19103F-16F7-4668-BE54-9A1E7A4F7556}") = "CarAuction.Logic", "CarAuction.Logic\CarAuction.Logic.csproj", "{59BC8B3F-C307-458A-9702-1EE9243A245B}"
EndProject
Project("{9A19103F-16F7-4668-BE54-9A1E7A4F7556}") = "CarAuction.Data", "CarAuction.Data\CarAuction.Data.csproj", "{F728CA46-464D-4FBA-B24C-949FD419CF15}"
EndProject
Project("{9A19103F-16F7-4668-BE54-9A1E7A4F7556}") = "CarAuction.Web", "CarAuction.Web\CarAuction.Web.csproj", "{04D32D0B-042F-4F31-A5D0-CFC0F20264D2}"
EndProject
Global
	GlobalSection(SolutionConfigurationPlatforms) = preSolution
		Debug|Any CPU = Debug|Any CPU
		Release|Any CPU = Release|Any CPU
	EndGlobalSection
	GlobalSection(ProjectConfigurationPlatforms) = postSolution
		{59BC8B3F-C307-458A-9702-1EE9243A245B}.Debug|Any CPU.ActiveCfg = Debug|Any CPU
		{59BC8B3F-C307-458A-9702-1EE9243A245B}.Debug|Any CPU.Build.0 = Debug|Any CPU
		{59BC8B3F-C307-458A-9702-1EE9243A245B}.Release|Any CPU.ActiveCfg = Release|Any CPU
		{59BC8B3F-C307-458A-9702-1EE9243A245B}.Release|Any CPU.Build.0 = Release|Any CPU
		{F728CA46-464D-4FBA-B24C-949FD419CF15}.Debug|Any CPU.ActiveCfg = Debug|Any CPU
		{F728CA46-464D-4FBA-B24C-949FD419CF15}.Debug|Any CPU.Build.0 = Debug|Any CPU
		{F728CA46-464D-4FBA-B24C-949FD419CF15}.Release|Any CPU.ActiveCfg = Release|Any CPU
		{F728CA46-464D-4FBA-B24C-949FD419CF15}.Release|Any CPU.Build.0 = Release|Any CPU
		{04D32D0B-042F-4F31-A5D0-CFC0F20264D2}.Debug|Any CPU.ActiveCfg = Debug|Any CPU
		{04D32D0B-042F-4F31-A5D0-CFC0F20264D2}.Debug|Any CPU.Build.0 = Debug|Any CPU
		{04D32D0B-042F-4F31-A5D0-CFC0F20264D2}.Release|Any CPU.ActiveCfg = Release|Any CPU
		{04D32D0B-042F-4F31-A5D0-CFC0F20264D2}.Release|Any CPU.Build.0 = Release|Any CPU
	EndGlobalSection
	GlobalSection(SolutionProperties) = preSolution
		HideSolutionNode = FALSE
	EndGlobalSection
	GlobalSection(ExtensibilityGlobals) = postSolution
		SolutionGuid = {AE77A530-2995-47A3-AB86-4FE314E5A068}
	EndGlobalSection
EndGlobal
